
Microsoft Visual Studio Solution File, Format Version 12.00
Project("{FAE04EC0-301F-11D3-BF4B-00C04F79EFBC}") = "DependencyResolution", "DependencyResolution\DependencyResolution.csproj", "{224E1F86-3FDE-45E4-9A2E-C09300C1CB4D}"
EndProject
Project("{FAE04EC0-301F-11D3-BF4B-00C04F79EFBC}") = "DependencyResolution.Test", "DependencyResolution.Test\DependencyResolution.Test.csproj", "{867D5892-C175-4AE9-B8FA-F5C3E20115AD}"
EndProject
Global
	GlobalSection(SolutionConfigurationPlatforms) = preSolution
		Debug|Any CPU = Debug|Any CPU
		Release|Any CPU = Release|Any CPU
	EndGlobalSection
	GlobalSection(ProjectConfigurationPlatforms) = postSolution
		{224E1F86-3FDE-45E4-9A2E-C09300C1CB4D}.Debug|Any CPU.ActiveCfg = Debug|Any CPU
		{224E1F86-3FDE-45E4-9A2E-C09300C1CB4D}.Debug|Any CPU.Build.0 = Debug|Any CPU
		{224E1F86-3FDE-45E4-9A2E-C09300C1CB4D}.Release|Any CPU.ActiveCfg = Release|Any CPU
		{224E1F86-3FDE-45E4-9A2E-C09300C1CB4D}.Release|Any CPU.Build.0 = Release|Any CPU
		{867D5892-C175-4AE9-B8FA-F5C3E20115AD}.Debug|Any CPU.ActiveCfg = Debug|Any CPU
		{867D5892-C175-4AE9-B8FA-F5C3E20115AD}.Debug|Any CPU.Build.0 = Debug|Any CPU
		{867D5892-C175-4AE9-B8FA-F5C3E20115AD}.Release|Any CPU.ActiveCfg = Release|Any CPU
		{867D5892-C175-4AE9-B8FA-F5C3E20115AD}.Release|Any CPU.Build.0 = Release|Any CPU
	EndGlobalSection
EndGlobal
